
Microsoft Visual Studio Solution File, Format Version 12.00
# Visual Studio Version 16
VisualStudioVersion = 16.0.30011.22
MinimumVisualStudioVersion = 10.0.40219.1
Project("{FAE04EC0-301F-11D3-BF4B-00C04F79EFBC}") = "StudentsAsync", "StudentsAsync\StudentsAsync.csproj", "{99B60F14-80CF-41D2-BF78-B90B9C4A98FA}"
EndProject
Global
	GlobalSection(SolutionConfigurationPlatforms) = preSolution
		Debug|Any CPU = Debug|Any CPU
		Release|Any CPU = Release|Any CPU
	EndGlobalSection
	GlobalSection(ProjectConfigurationPlatforms) = postSolution
		{99B60F14-80CF-41D2-BF78-B90B9C4A98FA}.Debug|Any CPU.ActiveCfg = Debug|Any CPU
		{99B60F14-80CF-41D2-BF78-B90B9C4A98FA}.Debug|Any CPU.Build.0 = Debug|Any CPU
		{99B60F14-80CF-41D2-BF78-B90B9C4A98FA}.Release|Any CPU.ActiveCfg = Release|Any CPU
		{99B60F14-80CF-41D2-BF78-B90B9C4A98FA}.Release|Any CPU.Build.0 = Release|Any CPU
	EndGlobalSection
	GlobalSection(SolutionProperties) = preSolution
		HideSolutionNode = FALSE
	EndGlobalSection
	GlobalSection(ExtensibilityGlobals) = postSolution
		SolutionGuid = {45EB8093-7C77-4C10-908B-A0135DAEF687}
	EndGlobalSection
EndGlobal
